
Microsoft Visual Studio Solution File, Format Version 12.00
# Visual Studio Version 17
VisualStudioVersion = 17.4.33213.308
MinimumVisualStudioVersion = 10.0.40219.1
Project("{FAE04EC0-301F-11D3-BF4B-00C04F79EFBC}") = "AthleteManagementSystem", "AthleteManagementSystem\AthleteManagementSystem.csproj", "{A0303769-5B3A-443B-85F9-25BC0066A11F}"
EndProject
Global
	GlobalSection(SolutionConfigurationPlatforms) = preSolution
		Debug|Any CPU = Debug|Any CPU
		Release|Any CPU = Release|Any CPU
	EndGlobalSection
	GlobalSection(ProjectConfigurationPlatforms) = postSolution
		{A0303769-5B3A-443B-85F9-25BC0066A11F}.Debug|Any CPU.ActiveCfg = Debug|Any CPU
		{A0303769-5B3A-443B-85F9-25BC0066A11F}.Debug|Any CPU.Build.0 = Debug|Any CPU
		{A0303769-5B3A-443B-85F9-25BC0066A11F}.Release|Any CPU.ActiveCfg = Release|Any CPU
		{A0303769-5B3A-443B-85F9-25BC0066A11F}.Release|Any CPU.Build.0 = Release|Any CPU
	EndGlobalSection
	GlobalSection(SolutionProperties) = preSolution
		HideSolutionNode = FALSE
	EndGlobalSection
	GlobalSection(ExtensibilityGlobals) = postSolution
		SolutionGuid = {307F8D14-3418-49DB-8D48-35C33208FD25}
	EndGlobalSection
EndGlobal
